
Microsoft Visual Studio Solution File, Format Version 12.00
# Visual Studio Version 16
VisualStudioVersion = 16.0.30611.23
MinimumVisualStudioVersion = 10.0.40219.1
Project("{FAE04EC0-301F-11D3-BF4B-00C04F79EFBC}") = "GeekBrains.OOP.Lesson3.Task3", "GeekBrains.OOP.Lesson3.Task3.csproj", "{EC84DE36-7D19-4CE5-9D4B-4FEEF092AF5B}"
EndProject
Global
	GlobalSection(SolutionConfigurationPlatforms) = preSolution
		Debug|Any CPU = Debug|Any CPU
		Release|Any CPU = Release|Any CPU
	EndGlobalSection
	GlobalSection(ProjectConfigurationPlatforms) = postSolution
		{EC84DE36-7D19-4CE5-9D4B-4FEEF092AF5B}.Debug|Any CPU.ActiveCfg = Debug|Any CPU
		{EC84DE36-7D19-4CE5-9D4B-4FEEF092AF5B}.Debug|Any CPU.Build.0 = Debug|Any CPU
		{EC84DE36-7D19-4CE5-9D4B-4FEEF092AF5B}.Release|Any CPU.ActiveCfg = Release|Any CPU
		{EC84DE36-7D19-4CE5-9D4B-4FEEF092AF5B}.Release|Any CPU.Build.0 = Release|Any CPU
	EndGlobalSection
	GlobalSection(SolutionProperties) = preSolution
		HideSolutionNode = FALSE
	EndGlobalSection
	GlobalSection(ExtensibilityGlobals) = postSolution
		SolutionGuid = {3A28CF83-FDE0-491F-B2D4-16D143E7837B}
	EndGlobalSection
EndGlobal
